// !$*UTF8*$!
{
	archiveVersion = 1;
	classes = {
	};
	objectVersion = 46;
	objects = {

/* Begin PBXBuildFile section */
		3608D7741E79318B00696EFF /* CCURLProtocol.h in Headers */ = {isa = PBXBuildFile; fileRef = 3608D7721E79318B00696EFF /* CCURLProtocol.h */; };
		3608D7751E79318B00696EFF /* CCURLProtocol.m in Sources */ = {isa = PBXBuildFile; fileRef = 3608D7731E79318B00696EFF /* CCURLProtocol.m */; };
		36119EA71E1F6DE8004D2BFC /* NSURL+CCAddition.h in Headers */ = {isa = PBXBuildFile; fileRef = 36119EA51E1F6DE8004D2BFC /* NSURL+CCAddition.h */; };
		36119EA81E1F6DE8004D2BFC /* NSURL+CCAddition.m in Sources */ = {isa = PBXBuildFile; fileRef = 36119EA61E1F6DE8004D2BFC /* NSURL+CCAddition.m */; };
		3611A00E1E2E1DFF004D2BFC /* CCViewController.h in Headers */ = {isa = PBXBuildFile; fileRef = 3611A00C1E2E1DFF004D2BFC /* CCViewController.h */; };
		3611A00F1E2E1DFF004D2BFC /* CCViewController.m in Sources */ = {isa = PBXBuildFile; fileRef = 3611A00D1E2E1DFF004D2BFC /* CCViewController.m */; };
		3611A0121E2E1E1C004D2BFC /* CCTableViewController.h in Headers */ = {isa = PBXBuildFile; fileRef = 3611A0101E2E1E1C004D2BFC /* CCTableViewController.h */; };
		3611A0131E2E1E1C004D2BFC /* CCTableViewController.m in Sources */ = {isa = PBXBuildFile; fileRef = 3611A0111E2E1E1C004D2BFC /* CCTableViewController.m */; };
		3611A0161E2E1ED3004D2BFC /* CCTableViewDataSource.h in Headers */ = {isa = PBXBuildFile; fileRef = 3611A0141E2E1ED3004D2BFC /* CCTableViewDataSource.h */; };
		3611A0171E2E1ED3004D2BFC /* CCTableViewDataSource.m in Sources */ = {isa = PBXBuildFile; fileRef = 3611A0151E2E1ED3004D2BFC /* CCTableViewDataSource.m */; };
		3611A01A1E30627E004D2BFC /* CCWebViewController.h in Headers */ = {isa = PBXBuildFile; fileRef = 3611A0181E30627E004D2BFC /* CCWebViewController.h */; };
		3611A01B1E30627E004D2BFC /* CCWebViewController.m in Sources */ = {isa = PBXBuildFile; fileRef = 3611A0191E30627E004D2BFC /* CCWebViewController.m */; };
		3617D33A1E7BBB1B0050936F /* CCWebViewEngine.h in Headers */ = {isa = PBXBuildFile; fileRef = 3617D3381E7BBB1B0050936F /* CCWebViewEngine.h */; };
		3617D33B1E7BBB1B0050936F /* CCWebViewEngine.m in Sources */ = {isa = PBXBuildFile; fileRef = 3617D3391E7BBB1B0050936F /* CCWebViewEngine.m */; };
		361B917D1E700BCB0079274E /* CCTableViewTestWebviewCellModel.m in Sources */ = {isa = PBXBuildFile; fileRef = 361B917C1E700BCB0079274E /* CCTableViewTestWebviewCellModel.m */; };
		361B91811E7159560079274E /* CCTableViewTestCordovaCellModel.m in Sources */ = {isa = PBXBuildFile; fileRef = 361B91801E7159560079274E /* CCTableViewTestCordovaCellModel.m */; };
		361B91831E715C630079274E /* CCTableViewTestCordovaCellModel.xml in Resources */ = {isa = PBXBuildFile; fileRef = 361B91821E715C630079274E /* CCTableViewTestCordovaCellModel.xml */; };
		362FD0761E729107003F71C8 /* www in Resources */ = {isa = PBXBuildFile; fileRef = 362FD0751E729107003F71C8 /* www */; };
		362FD07A1E76463F003F71C8 /* CCCordovaViewController.h in Headers */ = {isa = PBXBuildFile; fileRef = 362FD0781E76463F003F71C8 /* CCCordovaViewController.h */; };
		362FD07B1E76463F003F71C8 /* CCCordovaViewController.m in Sources */ = {isa = PBXBuildFile; fileRef = 362FD0791E76463F003F71C8 /* CCCordovaViewController.m */; };
		3662D84F1E20749400F0CF2C /* NSString+CCAddition.h in Headers */ = {isa = PBXBuildFile; fileRef = 3662D84D1E20749400F0CF2C /* NSString+CCAddition.h */; };
		3662D8501E20749400F0CF2C /* NSString+CCAddition.m in Sources */ = {isa = PBXBuildFile; fileRef = 3662D84E1E20749400F0CF2C /* NSString+CCAddition.m */; };
		3662D8531E20871B00F0CF2C /* CCKit.framework in Frameworks */ = {isa = PBXBuildFile; fileRef = 36ADC7431E1BB2FD0098B59D /* CCKit.framework */; };
		3662D8561E2088F000F0CF2C /* UIDevice+CCAddition.h in Headers */ = {isa = PBXBuildFile; fileRef = 3662D8541E2088F000F0CF2C /* UIDevice+CCAddition.h */; };
		3662D8571E2088F000F0CF2C /* UIDevice+CCAddition.m in Sources */ = {isa = PBXBuildFile; fileRef = 3662D8551E2088F000F0CF2C /* UIDevice+CCAddition.m */; };
		36ADC74D1E1BB2FD0098B59D /* CCKit.framework in Frameworks */ = {isa = PBXBuildFile; fileRef = 36ADC7431E1BB2FD0098B59D /* CCKit.framework */; };
		36ADC7521E1BB2FD0098B59D /* CCKitTests.m in Sources */ = {isa = PBXBuildFile; fileRef = 36ADC7511E1BB2FD0098B59D /* CCKitTests.m */; };
		36ADC7541E1BB2FD0098B59D /* CCKit.h in Headers */ = {isa = PBXBuildFile; fileRef = 36ADC7461E1BB2FD0098B59D /* CCKit.h */; settings = {ATTRIBUTES = (Public, ); }; };
		36ADC7651E1BB44C0098B59D /* main.m in Sources */ = {isa = PBXBuildFile; fileRef = 36ADC7641E1BB44C0098B59D /* main.m */; };
		36ADC7681E1BB44C0098B59D /* AppDelegate.m in Sources */ = {isa = PBXBuildFile; fileRef = 36ADC7671E1BB44C0098B59D /* AppDelegate.m */; };
		36ADC76B1E1BB44C0098B59D /* ViewController.m in Sources */ = {isa = PBXBuildFile; fileRef = 36ADC76A1E1BB44C0098B59D /* ViewController.m */; };
		36ADC76E1E1BB44C0098B59D /* Main.storyboard in Resources */ = {isa = PBXBuildFile; fileRef = 36ADC76C1E1BB44C0098B59D /* Main.storyboard */; };
		36ADC7701E1BB44C0098B59D /* Assets.xcassets in Resources */ = {isa = PBXBuildFile; fileRef = 36ADC76F1E1BB44C0098B59D /* Assets.xcassets */; };
		36ADC7731E1BB44C0098B59D /* LaunchScreen.storyboard in Resources */ = {isa = PBXBuildFile; fileRef = 36ADC7711E1BB44C0098B59D /* LaunchScreen.storyboard */; };
		36B3CF491E51AA2E00910072 /* CCKit.framework in Embed Frameworks */ = {isa = PBXBuildFile; fileRef = 36ADC7431E1BB2FD0098B59D /* CCKit.framework */; settings = {ATTRIBUTES = (CodeSignOnCopy, RemoveHeadersOnCopy, ); }; };
		36B3CF511E529E5D00910072 /* CCNetworkInfo.h in Headers */ = {isa = PBXBuildFile; fileRef = 36B3CF4F1E529E5D00910072 /* CCNetworkInfo.h */; };
		36B3CF521E529E5D00910072 /* CCNetworkInfo.m in Sources */ = {isa = PBXBuildFile; fileRef = 36B3CF501E529E5D00910072 /* CCNetworkInfo.m */; };
		36B3CF551E52B28A00910072 /* CCTableViewTestAdditionCellModel.m in Sources */ = {isa = PBXBuildFile; fileRef = 36B3CF541E52B28A00910072 /* CCTableViewTestAdditionCellModel.m */; };
		36B3CF581E52E2EF00910072 /* UIControl+CCAddition.h in Headers */ = {isa = PBXBuildFile; fileRef = 36B3CF561E52E2EF00910072 /* UIControl+CCAddition.h */; };
		36B3CF591E52E2EF00910072 /* UIControl+CCAddition.m in Sources */ = {isa = PBXBuildFile; fileRef = 36B3CF571E52E2EF00910072 /* UIControl+CCAddition.m */; };
		36B3CF5C1E52FFF400910072 /* CCRouter.h in Headers */ = {isa = PBXBuildFile; fileRef = 36B3CF5A1E52FFF400910072 /* CCRouter.h */; };
		36B3CF5D1E52FFF400910072 /* CCRouter.m in Sources */ = {isa = PBXBuildFile; fileRef = 36B3CF5B1E52FFF400910072 /* CCRouter.m */; };
		36B3CF601E53FD2C00910072 /* CCFileCache.h in Headers */ = {isa = PBXBuildFile; fileRef = 36B3CF5E1E53FD2C00910072 /* CCFileCache.h */; };
		36B3CF611E53FD2C00910072 /* CCFileCache.m in Sources */ = {isa = PBXBuildFile; fileRef = 36B3CF5F1E53FD2C00910072 /* CCFileCache.m */; };
		36B3CF641E5402AD00910072 /* CCTableViewTestCacheCellModel.m in Sources */ = {isa = PBXBuildFile; fileRef = 36B3CF631E5402AD00910072 /* CCTableViewTestCacheCellModel.m */; };
		36B3CF6A1E5445C300910072 /* CCKVStore.h in Headers */ = {isa = PBXBuildFile; fileRef = 36B3CF681E5445C300910072 /* CCKVStore.h */; };
		36B3CF6B1E5445C300910072 /* CCKVStore.m in Sources */ = {isa = PBXBuildFile; fileRef = 36B3CF691E5445C300910072 /* CCKVStore.m */; };
		36B3CF6D1E55597000910072 /* libsqlite3.tbd in Frameworks */ = {isa = PBXBuildFile; fileRef = 36B3CF6C1E55597000910072 /* libsqlite3.tbd */; };
		36B3CF6E1E5559CC00910072 /* libsqlite3.tbd in Frameworks */ = {isa = PBXBuildFile; fileRef = 36B3CF6C1E55597000910072 /* libsqlite3.tbd */; };
		36B3CF711E56A9FA00910072 /* CCMemCache.h in Headers */ = {isa = PBXBuildFile; fileRef = 36B3CF6F1E56A9FA00910072 /* CCMemCache.h */; };
		36B3CF721E56A9FA00910072 /* CCMemCache.m in Sources */ = {isa = PBXBuildFile; fileRef = 36B3CF701E56A9FA00910072 /* CCMemCache.m */; };
		36DEE3271E1C9ED50087C209 /* UIColor+CCAddition.h in Headers */ = {isa = PBXBuildFile; fileRef = 36DEE3251E1C9ED50087C209 /* UIColor+CCAddition.h */; };
		36DEE3281E1C9ED50087C209 /* UIColor+CCAddition.m in Sources */ = {isa = PBXBuildFile; fileRef = 36DEE3261E1C9ED50087C209 /* UIColor+CCAddition.m */; };
		36DEE32B1E1CC3A40087C209 /* UIImage+CCAddition.h in Headers */ = {isa = PBXBuildFile; fileRef = 36DEE3291E1CC3A40087C209 /* UIImage+CCAddition.h */; };
		36DEE32C1E1CC3A40087C209 /* UIImage+CCAddition.m in Sources */ = {isa = PBXBuildFile; fileRef = 36DEE32A1E1CC3A40087C209 /* UIImage+CCAddition.m */; };
		36DEE32F1E1CC66F0087C209 /* UIScreen+CCAddition.h in Headers */ = {isa = PBXBuildFile; fileRef = 36DEE32D1E1CC66F0087C209 /* UIScreen+CCAddition.h */; };
		36DEE3301E1CC66F0087C209 /* UIScreen+CCAddition.m in Sources */ = {isa = PBXBuildFile; fileRef = 36DEE32E1E1CC66F0087C209 /* UIScreen+CCAddition.m */; };
		36DEE3331E1CF7D90087C209 /* UIAlertView+CCAddition.h in Headers */ = {isa = PBXBuildFile; fileRef = 36DEE3311E1CF7D90087C209 /* UIAlertView+CCAddition.h */; };
		36DEE3341E1CF7D90087C209 /* UIAlertView+CCAddition.m in Sources */ = {isa = PBXBuildFile; fileRef = 36DEE3321E1CF7D90087C209 /* UIAlertView+CCAddition.m */; };
		36DEE3371E1CF8170087C209 /* NSObject+CCAddition.h in Headers */ = {isa = PBXBuildFile; fileRef = 36DEE3351E1CF8170087C209 /* NSObject+CCAddition.h */; };
		36DEE3381E1CF8170087C209 /* NSObject+CCAddition.m in Sources */ = {isa = PBXBuildFile; fileRef = 36DEE3361E1CF8170087C209 /* NSObject+CCAddition.m */; };
		36FE0B101E4B0C85002A4379 /* CCNetworking.h in Headers */ = {isa = PBXBuildFile; fileRef = 36FE0B0E1E4B0C85002A4379 /* CCNetworking.h */; };
		36FE0B111E4B0C85002A4379 /* CCNetworking.m in Sources */ = {isa = PBXBuildFile; fileRef = 36FE0B0F1E4B0C85002A4379 /* CCNetworking.m */; };
		36FE0B141E4B182B002A4379 /* NSObject+CCModel.h in Headers */ = {isa = PBXBuildFile; fileRef = 36FE0B121E4B182B002A4379 /* NSObject+CCModel.h */; };
		36FE0B151E4B182B002A4379 /* NSObject+CCModel.m in Sources */ = {isa = PBXBuildFile; fileRef = 36FE0B131E4B182B002A4379 /* NSObject+CCModel.m */; };
		36FE0B211E4C60D4002A4379 /* CCTableViewTestNetworkingCellModel.m in Sources */ = {isa = PBXBuildFile; fileRef = 36FE0B201E4C60D4002A4379 /* CCTableViewTestNetworkingCellModel.m */; };
		36FE0B241E4C6126002A4379 /* CCTableViewTestCellModel.m in Sources */ = {isa = PBXBuildFile; fileRef = 36FE0B231E4C6126002A4379 /* CCTableViewTestCellModel.m */; };
		36FE0B271E4C7424002A4379 /* CCCipher.h in Headers */ = {isa = PBXBuildFile; fileRef = 36FE0B251E4C7424002A4379 /* CCCipher.h */; };
		36FE0B281E4C7424002A4379 /* CCCipher.m in Sources */ = {isa = PBXBuildFile; fileRef = 36FE0B261E4C7424002A4379 /* CCCipher.m */; };
		36FE0B2B1E4D6551002A4379 /* CCKeychain.h in Headers */ = {isa = PBXBuildFile; fileRef = 36FE0B291E4D6551002A4379 /* CCKeychain.h */; };
		36FE0B2C1E4D6551002A4379 /* CCKeychain.m in Sources */ = {isa = PBXBuildFile; fileRef = 36FE0B2A1E4D6551002A4379 /* CCKeychain.m */; };
		36FE0B2F1E4D8DCC002A4379 /* CCTableViewTestKeychainCellModel.m in Sources */ = {isa = PBXBuildFile; fileRef = 36FE0B2E1E4D8DCC002A4379 /* CCTableViewTestKeychainCellModel.m */; };
		8574C3CD4AFBD666B3AC7B72 /* libPods-CCKitTests.a in Frameworks */ = {isa = PBXBuildFile; fileRef = AA13267F3377EA73EE87F4F8 /* libPods-CCKitTests.a */; };
		A445014ED8637AC77F4CAAE5 /* libPods-CCKitDemo.a in Frameworks */ = {isa = PBXBuildFile; fileRef = 9AFD84A34018EED3E3A3FFBC /* libPods-CCKitDemo.a */; };
		B97F56191518587A1314ABBB /* libPods-CCKit.a in Frameworks */ = {isa = PBXBuildFile; fileRef = FE749053F07A522193DF8164 /* libPods-CCKit.a */; };
/* End PBXBuildFile section */

/* Begin PBXContainerItemProxy section */
		3662D8511E2086EB00F0CF2C /* PBXContainerItemProxy */ = {
			isa = PBXContainerItemProxy;
			containerPortal = 36ADC73A1E1BB2FD0098B59D /* Project object */;
			proxyType = 1;
			remoteGlobalIDString = 36ADC7421E1BB2FD0098B59D;
			remoteInfo = CCKit;
		};
		36ADC74E1E1BB2FD0098B59D /* PBXContainerItemProxy */ = {
			isa = PBXContainerItemProxy;
			containerPortal = 36ADC73A1E1BB2FD0098B59D /* Project object */;
			proxyType = 1;
			remoteGlobalIDString = 36ADC7421E1BB2FD0098B59D;
			remoteInfo = CCKit;
		};
/* End PBXContainerItemProxy section */

/* Begin PBXCopyFilesBuildPhase section */
		36B3CF4A1E51AA2E00910072 /* Embed Frameworks */ = {
			isa = PBXCopyFilesBuildPhase;
			buildActionMask = 2147483647;
			dstPath = "";
			dstSubfolderSpec = 10;
			files = (
				36B3CF491E51AA2E00910072 /* CCKit.framework in Embed Frameworks */,
			);
			name = "Embed Frameworks";
			runOnlyForDeploymentPostprocessing = 0;
		};
/* End PBXCopyFilesBuildPhase section */

/* Begin PBXFileReference section */
		2F860BA6C6613352B7DAB262 /* Pods-CCKit.debug.xcconfig */ = {isa = PBXFileReference; includeInIndex = 1; lastKnownFileType = text.xcconfig; name = "Pods-CCKit.debug.xcconfig"; path = "Pods/Target Support Files/Pods-CCKit/Pods-CCKit.debug.xcconfig"; sourceTree = "<group>"; };
		3608D7721E79318B00696EFF /* CCURLProtocol.h */ = {isa = PBXFileReference; fileEncoding = 4; lastKnownFileType = sourcecode.c.h; path = CCURLProtocol.h; sourceTree = "<group>"; };
		3608D7731E79318B00696EFF /* CCURLProtocol.m */ = {isa = PBXFileReference; fileEncoding = 4; lastKnownFileType = sourcecode.c.objc; path = CCURLProtocol.m; sourceTree = "<group>"; };
		36119EA51E1F6DE8004D2BFC /* NSURL+CCAddition.h */ = {isa = PBXFileReference; fileEncoding = 4; lastKnownFileType = sourcecode.c.h; path = "NSURL+CCAddition.h"; sourceTree = "<group>"; };
		36119EA61E1F6DE8004D2BFC /* NSURL+CCAddition.m */ = {isa = PBXFileReference; fileEncoding = 4; lastKnownFileType = sourcecode.c.objc; path = "NSURL+CCAddition.m"; sourceTree = "<group>"; };
		3611A00C1E2E1DFF004D2BFC /* CCViewController.h */ = {isa = PBXFileReference; fileEncoding = 4; lastKnownFileType = sourcecode.c.h; path = CCViewController.h; sourceTree = "<group>"; };
		3611A00D1E2E1DFF004D2BFC /* CCViewController.m */ = {isa = PBXFileReference; fileEncoding = 4; lastKnownFileType = sourcecode.c.objc; path = CCViewController.m; sourceTree = "<group>"; };
		3611A0101E2E1E1C004D2BFC /* CCTableViewController.h */ = {isa = PBXFileReference; fileEncoding = 4; lastKnownFileType = sourcecode.c.h; path = CCTableViewController.h; sourceTree = "<group>"; };
		3611A0111E2E1E1C004D2BFC /* CCTableViewController.m */ = {isa = PBXFileReference; fileEncoding = 4; lastKnownFileType = sourcecode.c.objc; path = CCTableViewController.m; sourceTree = "<group>"; };
		3611A0141E2E1ED3004D2BFC /* CCTableViewDataSource.h */ = {isa = PBXFileReference; fileEncoding = 4; lastKnownFileType = sourcecode.c.h; path = CCTableViewDataSource.h; sourceTree = "<group>"; };
		3611A0151E2E1ED3004D2BFC /* CCTableViewDataSource.m */ = {isa = PBXFileReference; fileEncoding = 4; lastKnownFileType = sourcecode.c.objc; path = CCTableViewDataSource.m; sourceTree = "<group>"; };
		3611A0181E30627E004D2BFC /* CCWebViewController.h */ = {isa = PBXFileReference; fileEncoding = 4; lastKnownFileType = sourcecode.c.h; path = CCWebViewController.h; sourceTree = "<group>"; };
		3611A0191E30627E004D2BFC /* CCWebViewController.m */ = {isa = PBXFileReference; fileEncoding = 4; lastKnownFileType = sourcecode.c.objc; path = CCWebViewController.m; sourceTree = "<group>"; };
		3617D3381E7BBB1B0050936F /* CCWebViewEngine.h */ = {isa = PBXFileReference; fileEncoding = 4; lastKnownFileType = sourcecode.c.h; path = CCWebViewEngine.h; sourceTree = "<group>"; };
		3617D3391E7BBB1B0050936F /* CCWebViewEngine.m */ = {isa = PBXFileReference; fileEncoding = 4; lastKnownFileType = sourcecode.c.objc; path = CCWebViewEngine.m; sourceTree = "<group>"; };
		361B917B1E700BCB0079274E /* CCTableViewTestWebviewCellModel.h */ = {isa = PBXFileReference; fileEncoding = 4; lastKnownFileType = sourcecode.c.h; path = CCTableViewTestWebviewCellModel.h; sourceTree = "<group>"; };
		361B917C1E700BCB0079274E /* CCTableViewTestWebviewCellModel.m */ = {isa = PBXFileReference; fileEncoding = 4; lastKnownFileType = sourcecode.c.objc; path = CCTableViewTestWebviewCellModel.m; sourceTree = "<group>"; };
		361B917F1E7159560079274E /* CCTableViewTestCordovaCellModel.h */ = {isa = PBXFileReference; fileEncoding = 4; lastKnownFileType = sourcecode.c.h; path = CCTableViewTestCordovaCellModel.h; sourceTree = "<group>"; };
		361B91801E7159560079274E /* CCTableViewTestCordovaCellModel.m */ = {isa = PBXFileReference; fileEncoding = 4; lastKnownFileType = sourcecode.c.objc; path = CCTableViewTestCordovaCellModel.m; sourceTree = "<group>"; };
		361B91821E715C630079274E /* CCTableViewTestCordovaCellModel.xml */ = {isa = PBXFileReference; fileEncoding = 4; lastKnownFileType = text.xml; path = CCTableViewTestCordovaCellModel.xml; sourceTree = "<group>"; };
		362FD0751E729107003F71C8 /* www */ = {isa = PBXFileReference; lastKnownFileType = folder; path = www; sourceTree = "<group>"; };
		362FD0781E76463F003F71C8 /* CCCordovaViewController.h */ = {isa = PBXFileReference; fileEncoding = 4; lastKnownFileType = sourcecode.c.h; path = CCCordovaViewController.h; sourceTree = "<group>"; };
		362FD0791E76463F003F71C8 /* CCCordovaViewController.m */ = {isa = PBXFileReference; fileEncoding = 4; lastKnownFileType = sourcecode.c.objc; path = CCCordovaViewController.m; sourceTree = "<group>"; };
		3662D84D1E20749400F0CF2C /* NSString+CCAddition.h */ = {isa = PBXFileReference; fileEncoding = 4; lastKnownFileType = sourcecode.c.h; path = "NSString+CCAddition.h"; sourceTree = "<group>"; };
		3662D84E1E20749400F0CF2C /* NSString+CCAddition.m */ = {isa = PBXFileReference; fileEncoding = 4; lastKnownFileType = sourcecode.c.objc; path = "NSString+CCAddition.m"; sourceTree = "<group>"; };
		3662D8541E2088F000F0CF2C /* UIDevice+CCAddition.h */ = {isa = PBXFileReference; fileEncoding = 4; lastKnownFileType = sourcecode.c.h; path = "UIDevice+CCAddition.h"; sourceTree = "<group>"; };
		3662D8551E2088F000F0CF2C /* UIDevice+CCAddition.m */ = {isa = PBXFileReference; fileEncoding = 4; lastKnownFileType = sourcecode.c.objc; path = "UIDevice+CCAddition.m"; sourceTree = "<group>"; };
		36ADC7431E1BB2FD0098B59D /* CCKit.framework */ = {isa = PBXFileReference; explicitFileType = wrapper.framework; includeInIndex = 0; path = CCKit.framework; sourceTree = BUILT_PRODUCTS_DIR; };
		36ADC7461E1BB2FD0098B59D /* CCKit.h */ = {isa = PBXFileReference; lastKnownFileType = sourcecode.c.h; path = CCKit.h; sourceTree = "<group>"; };
		36ADC7471E1BB2FD0098B59D /* Info.plist */ = {isa = PBXFileReference; lastKnownFileType = text.plist.xml; path = Info.plist; sourceTree = "<group>"; };
		36ADC74C1E1BB2FD0098B59D /* CCKitTests.xctest */ = {isa = PBXFileReference; explicitFileType = wrapper.cfbundle; includeInIndex = 0; path = CCKitTests.xctest; sourceTree = BUILT_PRODUCTS_DIR; };
		36ADC7511E1BB2FD0098B59D /* CCKitTests.m */ = {isa = PBXFileReference; lastKnownFileType = sourcecode.c.objc; path = CCKitTests.m; sourceTree = "<group>"; };
		36ADC7531E1BB2FD0098B59D /* Info.plist */ = {isa = PBXFileReference; lastKnownFileType = text.plist.xml; path = Info.plist; sourceTree = "<group>"; };
		36ADC7611E1BB44C0098B59D /* CCKitDemo.app */ = {isa = PBXFileReference; explicitFileType = wrapper.application; includeInIndex = 0; path = CCKitDemo.app; sourceTree = BUILT_PRODUCTS_DIR; };
		36ADC7641E1BB44C0098B59D /* main.m */ = {isa = PBXFileReference; lastKnownFileType = sourcecode.c.objc; path = main.m; sourceTree = "<group>"; };
		36ADC7661E1BB44C0098B59D /* AppDelegate.h */ = {isa = PBXFileReference; lastKnownFileType = sourcecode.c.h; path = AppDelegate.h; sourceTree = "<group>"; };
		36ADC7671E1BB44C0098B59D /* AppDelegate.m */ = {isa = PBXFileReference; lastKnownFileType = sourcecode.c.objc; path = AppDelegate.m; sourceTree = "<group>"; };
		36ADC7691E1BB44C0098B59D /* ViewController.h */ = {isa = PBXFileReference; lastKnownFileType = sourcecode.c.h; path = ViewController.h; sourceTree = "<group>"; };
		36ADC76A1E1BB44C0098B59D /* ViewController.m */ = {isa = PBXFileReference; lastKnownFileType = sourcecode.c.objc; path = ViewController.m; sourceTree = "<group>"; };
		36ADC76D1E1BB44C0098B59D /* Base */ = {isa = PBXFileReference; lastKnownFileType = file.storyboard; name = Base; path = Base.lproj/Main.storyboard; sourceTree = "<group>"; };
		36ADC76F1E1BB44C0098B59D /* Assets.xcassets */ = {isa = PBXFileReference; lastKnownFileType = folder.assetcatalog; path = Assets.xcassets; sourceTree = "<group>"; };
		36ADC7721E1BB44C0098B59D /* Base */ = {isa = PBXFileReference; lastKnownFileType = file.storyboard; name = Base; path = Base.lproj/LaunchScreen.storyboard; sourceTree = "<group>"; };
		36ADC7741E1BB44C0098B59D /* Info.plist */ = {isa = PBXFileReference; lastKnownFileType = text.plist.xml; path = Info.plist; sourceTree = "<group>"; };
		36ADC7781E1BB8020098B59D /* CCDefines.h */ = {isa = PBXFileReference; lastKnownFileType = sourcecode.c.h; path = CCDefines.h; sourceTree = "<group>"; };
		36B3CF4F1E529E5D00910072 /* CCNetworkInfo.h */ = {isa = PBXFileReference; fileEncoding = 4; lastKnownFileType = sourcecode.c.h; path = CCNetworkInfo.h; sourceTree = "<group>"; };
		36B3CF501E529E5D00910072 /* CCNetworkInfo.m */ = {isa = PBXFileReference; fileEncoding = 4; lastKnownFileType = sourcecode.c.objc; path = CCNetworkInfo.m; sourceTree = "<group>"; };
		36B3CF531E52B28A00910072 /* CCTableViewTestAdditionCellModel.h */ = {isa = PBXFileReference; fileEncoding = 4; lastKnownFileType = sourcecode.c.h; path = CCTableViewTestAdditionCellModel.h; sourceTree = "<group>"; };
		36B3CF541E52B28A00910072 /* CCTableViewTestAdditionCellModel.m */ = {isa = PBXFileReference; fileEncoding = 4; lastKnownFileType = sourcecode.c.objc; path = CCTableViewTestAdditionCellModel.m; sourceTree = "<group>"; };
		36B3CF561E52E2EF00910072 /* UIControl+CCAddition.h */ = {isa = PBXFileReference; fileEncoding = 4; lastKnownFileType = sourcecode.c.h; path = "UIControl+CCAddition.h"; sourceTree = "<group>"; };
		36B3CF571E52E2EF00910072 /* UIControl+CCAddition.m */ = {isa = PBXFileReference; fileEncoding = 4; lastKnownFileType = sourcecode.c.objc; path = "UIControl+CCAddition.m"; sourceTree = "<group>"; };
		36B3CF5A1E52FFF400910072 /* CCRouter.h */ = {isa = PBXFileReference; fileEncoding = 4; lastKnownFileType = sourcecode.c.h; path = CCRouter.h; sourceTree = "<group>"; };
		36B3CF5B1E52FFF400910072 /* CCRouter.m */ = {isa = PBXFileReference; fileEncoding = 4; lastKnownFileType = sourcecode.c.objc; path = CCRouter.m; sourceTree = "<group>"; };
		36B3CF5E1E53FD2C00910072 /* CCFileCache.h */ = {isa = PBXFileReference; fileEncoding = 4; lastKnownFileType = sourcecode.c.h; path = CCFileCache.h; sourceTree = "<group>"; };
		36B3CF5F1E53FD2C00910072 /* CCFileCache.m */ = {isa = PBXFileReference; fileEncoding = 4; lastKnownFileType = sourcecode.c.objc; path = CCFileCache.m; sourceTree = "<group>"; };
		36B3CF621E5402AD00910072 /* CCTableViewTestCacheCellModel.h */ = {isa = PBXFileReference; fileEncoding = 4; lastKnownFileType = sourcecode.c.h; path = CCTableViewTestCacheCellModel.h; sourceTree = "<group>"; };
		36B3CF631E5402AD00910072 /* CCTableViewTestCacheCellModel.m */ = {isa = PBXFileReference; fileEncoding = 4; lastKnownFileType = sourcecode.c.objc; path = CCTableViewTestCacheCellModel.m; sourceTree = "<group>"; };
		36B3CF681E5445C300910072 /* CCKVStore.h */ = {isa = PBXFileReference; fileEncoding = 4; lastKnownFileType = sourcecode.c.h; path = CCKVStore.h; sourceTree = "<group>"; };
		36B3CF691E5445C300910072 /* CCKVStore.m */ = {isa = PBXFileReference; fileEncoding = 4; lastKnownFileType = sourcecode.c.objc; path = CCKVStore.m; sourceTree = "<group>"; };
		36B3CF6C1E55597000910072 /* libsqlite3.tbd */ = {isa = PBXFileReference; lastKnownFileType = "sourcecode.text-based-dylib-definition"; name = libsqlite3.tbd; path = usr/lib/libsqlite3.tbd; sourceTree = SDKROOT; };
		36B3CF6F1E56A9FA00910072 /* CCMemCache.h */ = {isa = PBXFileReference; fileEncoding = 4; lastKnownFileType = sourcecode.c.h; path = CCMemCache.h; sourceTree = "<group>"; };
		36B3CF701E56A9FA00910072 /* CCMemCache.m */ = {isa = PBXFileReference; fileEncoding = 4; lastKnownFileType = sourcecode.c.objc; path = CCMemCache.m; sourceTree = "<group>"; };
		36DEE3251E1C9ED50087C209 /* UIColor+CCAddition.h */ = {isa = PBXFileReference; fileEncoding = 4; lastKnownFileType = sourcecode.c.h; path = "UIColor+CCAddition.h"; sourceTree = "<group>"; };
		36DEE3261E1C9ED50087C209 /* UIColor+CCAddition.m */ = {isa = PBXFileReference; fileEncoding = 4; lastKnownFileType = sourcecode.c.objc; path = "UIColor+CCAddition.m"; sourceTree = "<group>"; };
		36DEE3291E1CC3A40087C209 /* UIImage+CCAddition.h */ = {isa = PBXFileReference; fileEncoding = 4; lastKnownFileType = sourcecode.c.h; path = "UIImage+CCAddition.h"; sourceTree = "<group>"; };
		36DEE32A1E1CC3A40087C209 /* UIImage+CCAddition.m */ = {isa = PBXFileReference; fileEncoding = 4; lastKnownFileType = sourcecode.c.objc; path = "UIImage+CCAddition.m"; sourceTree = "<group>"; };
		36DEE32D1E1CC66F0087C209 /* UIScreen+CCAddition.h */ = {isa = PBXFileReference; fileEncoding = 4; lastKnownFileType = sourcecode.c.h; path = "UIScreen+CCAddition.h"; sourceTree = "<group>"; };
		36DEE32E1E1CC66F0087C209 /* UIScreen+CCAddition.m */ = {isa = PBXFileReference; fileEncoding = 4; lastKnownFileType = sourcecode.c.objc; path = "UIScreen+CCAddition.m"; sourceTree = "<group>"; };
		36DEE3311E1CF7D90087C209 /* UIAlertView+CCAddition.h */ = {isa = PBXFileReference; fileEncoding = 4; lastKnownFileType = sourcecode.c.h; path = "UIAlertView+CCAddition.h"; sourceTree = "<group>"; };
		36DEE3321E1CF7D90087C209 /* UIAlertView+CCAddition.m */ = {isa = PBXFileReference; fileEncoding = 4; lastKnownFileType = sourcecode.c.objc; path = "UIAlertView+CCAddition.m"; sourceTree = "<group>"; };
		36DEE3351E1CF8170087C209 /* NSObject+CCAddition.h */ = {isa = PBXFileReference; fileEncoding = 4; lastKnownFileType = sourcecode.c.h; path = "NSObject+CCAddition.h"; sourceTree = "<group>"; };
		36DEE3361E1CF8170087C209 /* NSObject+CCAddition.m */ = {isa = PBXFileReference; fileEncoding = 4; lastKnownFileType = sourcecode.c.objc; path = "NSObject+CCAddition.m"; sourceTree = "<group>"; };
		36FE0B0E1E4B0C85002A4379 /* CCNetworking.h */ = {isa = PBXFileReference; fileEncoding = 4; lastKnownFileType = sourcecode.c.h; path = CCNetworking.h; sourceTree = "<group>"; };
		36FE0B0F1E4B0C85002A4379 /* CCNetworking.m */ = {isa = PBXFileReference; fileEncoding = 4; lastKnownFileType = sourcecode.c.objc; path = CCNetworking.m; sourceTree = "<group>"; };
		36FE0B121E4B182B002A4379 /* NSObject+CCModel.h */ = {isa = PBXFileReference; fileEncoding = 4; lastKnownFileType = sourcecode.c.h; path = "NSObject+CCModel.h"; sourceTree = "<group>"; };
		36FE0B131E4B182B002A4379 /* NSObject+CCModel.m */ = {isa = PBXFileReference; fileEncoding = 4; lastKnownFileType = sourcecode.c.objc; path = "NSObject+CCModel.m"; sourceTree = "<group>"; };
		36FE0B1F1E4C60D4002A4379 /* CCTableViewTestNetworkingCellModel.h */ = {isa = PBXFileReference; fileEncoding = 4; lastKnownFileType = sourcecode.c.h; path = CCTableViewTestNetworkingCellModel.h; sourceTree = "<group>"; };
		36FE0B201E4C60D4002A4379 /* CCTableViewTestNetworkingCellModel.m */ = {isa = PBXFileReference; fileEncoding = 4; lastKnownFileType = sourcecode.c.objc; path = CCTableViewTestNetworkingCellModel.m; sourceTree = "<group>"; };
		36FE0B221E4C6126002A4379 /* CCTableViewTestCellModel.h */ = {isa = PBXFileReference; fileEncoding = 4; lastKnownFileType = sourcecode.c.h; path = CCTableViewTestCellModel.h; sourceTree = "<group>"; };
		36FE0B231E4C6126002A4379 /* CCTableViewTestCellModel.m */ = {isa = PBXFileReference; fileEncoding = 4; lastKnownFileType = sourcecode.c.objc; path = CCTableViewTestCellModel.m; sourceTree = "<group>"; };
		36FE0B251E4C7424002A4379 /* CCCipher.h */ = {isa = PBXFileReference; fileEncoding = 4; lastKnownFileType = sourcecode.c.h; path = CCCipher.h; sourceTree = "<group>"; };
		36FE0B261E4C7424002A4379 /* CCCipher.m */ = {isa = PBXFileReference; fileEncoding = 4; lastKnownFileType = sourcecode.c.objc; path = CCCipher.m; sourceTree = "<group>"; };
		36FE0B291E4D6551002A4379 /* CCKeychain.h */ = {isa = PBXFileReference; fileEncoding = 4; lastKnownFileType = sourcecode.c.h; path = CCKeychain.h; sourceTree = "<group>"; };
		36FE0B2A1E4D6551002A4379 /* CCKeychain.m */ = {isa = PBXFileReference; fileEncoding = 4; lastKnownFileType = sourcecode.c.objc; path = CCKeychain.m; sourceTree = "<group>"; };
		36FE0B2D1E4D8DCC002A4379 /* CCTableViewTestKeychainCellModel.h */ = {isa = PBXFileReference; fileEncoding = 4; lastKnownFileType = sourcecode.c.h; path = CCTableViewTestKeychainCellModel.h; sourceTree = "<group>"; };
		36FE0B2E1E4D8DCC002A4379 /* CCTableViewTestKeychainCellModel.m */ = {isa = PBXFileReference; fileEncoding = 4; lastKnownFileType = sourcecode.c.objc; path = CCTableViewTestKeychainCellModel.m; sourceTree = "<group>"; };
		3A6E24BBC76DBB778465092F /* Pods-CCKitTests.debug.xcconfig */ = {isa = PBXFileReference; includeInIndex = 1; lastKnownFileType = text.xcconfig; name = "Pods-CCKitTests.debug.xcconfig"; path = "Pods/Target Support Files/Pods-CCKitTests/Pods-CCKitTests.debug.xcconfig"; sourceTree = "<group>"; };
		8337C7F28FB455C5F439C836 /* Pods-CCKitDemo.debug.xcconfig */ = {isa = PBXFileReference; includeInIndex = 1; lastKnownFileType = text.xcconfig; name = "Pods-CCKitDemo.debug.xcconfig"; path = "Pods/Target Support Files/Pods-CCKitDemo/Pods-CCKitDemo.debug.xcconfig"; sourceTree = "<group>"; };
		9AFD84A34018EED3E3A3FFBC /* libPods-CCKitDemo.a */ = {isa = PBXFileReference; explicitFileType = archive.ar; includeInIndex = 0; path = "libPods-CCKitDemo.a"; sourceTree = BUILT_PRODUCTS_DIR; };
		AA13267F3377EA73EE87F4F8 /* libPods-CCKitTests.a */ = {isa = PBXFileReference; explicitFileType = archive.ar; includeInIndex = 0; path = "libPods-CCKitTests.a"; sourceTree = BUILT_PRODUCTS_DIR; };
		C11789D5366857FB80F92579 /* Pods-CCKitDemo.release.xcconfig */ = {isa = PBXFileReference; includeInIndex = 1; lastKnownFileType = text.xcconfig; name = "Pods-CCKitDemo.release.xcconfig"; path = "Pods/Target Support Files/Pods-CCKitDemo/Pods-CCKitDemo.release.xcconfig"; sourceTree = "<group>"; };
		CE9EBE489249AFE738C42CCA /* Pods-CCKitTests.release.xcconfig */ = {isa = PBXFileReference; includeInIndex = 1; lastKnownFileType = text.xcconfig; name = "Pods-CCKitTests.release.xcconfig"; path = "Pods/Target Support Files/Pods-CCKitTests/Pods-CCKitTests.release.xcconfig"; sourceTree = "<group>"; };
		F219A63D85C197A967172DC2 /* Pods-CCKit.release.xcconfig */ = {isa = PBXFileReference; includeInIndex = 1; lastKnownFileType = text.xcconfig; name = "Pods-CCKit.release.xcconfig"; path = "Pods/Target Support Files/Pods-CCKit/Pods-CCKit.release.xcconfig"; sourceTree = "<group>"; };
		FE749053F07A522193DF8164 /* libPods-CCKit.a */ = {isa = PBXFileReference; explicitFileType = archive.ar; includeInIndex = 0; path = "libPods-CCKit.a"; sourceTree = BUILT_PRODUCTS_DIR; };
/* End PBXFileReference section */

/* Begin PBXFrameworksBuildPhase section */
		36ADC73F1E1BB2FD0098B59D /* Frameworks */ = {
			isa = PBXFrameworksBuildPhase;
			buildActionMask = 2147483647;
			files = (
				36B3CF6E1E5559CC00910072 /* libsqlite3.tbd in Frameworks */,
				B97F56191518587A1314ABBB /* libPods-CCKit.a in Frameworks */,
			);
			runOnlyForDeploymentPostprocessing = 0;
		};
		36ADC7491E1BB2FD0098B59D /* Frameworks */ = {
			isa = PBXFrameworksBuildPhase;
			buildActionMask = 2147483647;
			files = (
				36ADC74D1E1BB2FD0098B59D /* CCKit.framework in Frameworks */,
				8574C3CD4AFBD666B3AC7B72 /* libPods-CCKitTests.a in Frameworks */,
			);
			runOnlyForDeploymentPostprocessing = 0;
		};
		36ADC75E1E1BB44C0098B59D /* Frameworks */ = {
			isa = PBXFrameworksBuildPhase;
			buildActionMask = 2147483647;
			files = (
				36B3CF6D1E55597000910072 /* libsqlite3.tbd in Frameworks */,
				3662D8531E20871B00F0CF2C /* CCKit.framework in Frameworks */,
				A445014ED8637AC77F4CAAE5 /* libPods-CCKitDemo.a in Frameworks */,
			);
			runOnlyForDeploymentPostprocessing = 0;
		};
/* End PBXFrameworksBuildPhase section */

/* Begin PBXGroup section */
		362FD0741E7290CC003F71C8 /* TestResources */ = {
			isa = PBXGroup;
			children = (
				362FD0751E729107003F71C8 /* www */,
			);
			path = TestResources;
			sourceTree = "<group>";
		};
		36ADC7391E1BB2FD0098B59D = {
			isa = PBXGroup;
			children = (
				36ADC7451E1BB2FD0098B59D /* CCKit */,
				36ADC7501E1BB2FD0098B59D /* CCKitTests */,
				36ADC7621E1BB44C0098B59D /* CCKitDemo */,
				36ADC7441E1BB2FD0098B59D /* Products */,
				B0EC7F15302C50B1461B75D8 /* Pods */,
				4BD06F69A5F5F461B83C444D /* Frameworks */,
			);
			sourceTree = "<group>";
		};
		36ADC7441E1BB2FD0098B59D /* Products */ = {
			isa = PBXGroup;
			children = (
				36ADC7431E1BB2FD0098B59D /* CCKit.framework */,
				36ADC74C1E1BB2FD0098B59D /* CCKitTests.xctest */,
				36ADC7611E1BB44C0098B59D /* CCKitDemo.app */,
			);
			name = Products;
			sourceTree = "<group>";
		};
		36ADC7451E1BB2FD0098B59D /* CCKit */ = {
			isa = PBXGroup;
			children = (
				36ADC7461E1BB2FD0098B59D /* CCKit.h */,
				36ADC7781E1BB8020098B59D /* CCDefines.h */,
				36119EA51E1F6DE8004D2BFC /* NSURL+CCAddition.h */,
				36119EA61E1F6DE8004D2BFC /* NSURL+CCAddition.m */,
				3662D84D1E20749400F0CF2C /* NSString+CCAddition.h */,
				3662D84E1E20749400F0CF2C /* NSString+CCAddition.m */,
				36DEE3351E1CF8170087C209 /* NSObject+CCAddition.h */,
				36DEE3361E1CF8170087C209 /* NSObject+CCAddition.m */,
				36DEE3251E1C9ED50087C209 /* UIColor+CCAddition.h */,
				36DEE3261E1C9ED50087C209 /* UIColor+CCAddition.m */,
				36DEE3291E1CC3A40087C209 /* UIImage+CCAddition.h */,
				36DEE32A1E1CC3A40087C209 /* UIImage+CCAddition.m */,
				3662D8541E2088F000F0CF2C /* UIDevice+CCAddition.h */,
				3662D8551E2088F000F0CF2C /* UIDevice+CCAddition.m */,
				36DEE32D1E1CC66F0087C209 /* UIScreen+CCAddition.h */,
				36DEE32E1E1CC66F0087C209 /* UIScreen+CCAddition.m */,
				36B3CF561E52E2EF00910072 /* UIControl+CCAddition.h */,
				36B3CF571E52E2EF00910072 /* UIControl+CCAddition.m */,
				36DEE3311E1CF7D90087C209 /* UIAlertView+CCAddition.h */,
				36DEE3321E1CF7D90087C209 /* UIAlertView+CCAddition.m */,
				36FE0B121E4B182B002A4379 /* NSObject+CCModel.h */,
				36FE0B131E4B182B002A4379 /* NSObject+CCModel.m */,
				36B3CF5A1E52FFF400910072 /* CCRouter.h */,
				36B3CF5B1E52FFF400910072 /* CCRouter.m */,
				36FE0B251E4C7424002A4379 /* CCCipher.h */,
				36FE0B261E4C7424002A4379 /* CCCipher.m */,
				36FE0B291E4D6551002A4379 /* CCKeychain.h */,
				36FE0B2A1E4D6551002A4379 /* CCKeychain.m */,
				36B3CF681E5445C300910072 /* CCKVStore.h */,
				36B3CF691E5445C300910072 /* CCKVStore.m */,
				36B3CF5E1E53FD2C00910072 /* CCFileCache.h */,
				36B3CF5F1E53FD2C00910072 /* CCFileCache.m */,
				36B3CF6F1E56A9FA00910072 /* CCMemCache.h */,
				36B3CF701E56A9FA00910072 /* CCMemCache.m */,
				36FE0B0E1E4B0C85002A4379 /* CCNetworking.h */,
				36FE0B0F1E4B0C85002A4379 /* CCNetworking.m */,
				36B3CF4F1E529E5D00910072 /* CCNetworkInfo.h */,
				36B3CF501E529E5D00910072 /* CCNetworkInfo.m */,
				3608D7721E79318B00696EFF /* CCURLProtocol.h */,
				3608D7731E79318B00696EFF /* CCURLProtocol.m */,
				3611A00C1E2E1DFF004D2BFC /* CCViewController.h */,
				3611A00D1E2E1DFF004D2BFC /* CCViewController.m */,
				3617D3381E7BBB1B0050936F /* CCWebViewEngine.h */,
				3617D3391E7BBB1B0050936F /* CCWebViewEngine.m */,
				3611A0181E30627E004D2BFC /* CCWebViewController.h */,
				3611A0191E30627E004D2BFC /* CCWebViewController.m */,
				3611A0101E2E1E1C004D2BFC /* CCTableViewController.h */,
				3611A0111E2E1E1C004D2BFC /* CCTableViewController.m */,
				3611A0141E2E1ED3004D2BFC /* CCTableViewDataSource.h */,
				3611A0151E2E1ED3004D2BFC /* CCTableViewDataSource.m */,
				362FD0781E76463F003F71C8 /* CCCordovaViewController.h */,
				362FD0791E76463F003F71C8 /* CCCordovaViewController.m */,
				36ADC7471E1BB2FD0098B59D /* Info.plist */,
			);
			path = CCKit;
			sourceTree = "<group>";
		};
		36ADC7501E1BB2FD0098B59D /* CCKitTests */ = {
			isa = PBXGroup;
			children = (
				36ADC7511E1BB2FD0098B59D /* CCKitTests.m */,
				36ADC7531E1BB2FD0098B59D /* Info.plist */,
			);
			path = CCKitTests;
			sourceTree = "<group>";
		};
		36ADC7621E1BB44C0098B59D /* CCKitDemo */ = {
			isa = PBXGroup;
			children = (
				36ADC7661E1BB44C0098B59D /* AppDelegate.h */,
				36ADC7671E1BB44C0098B59D /* AppDelegate.m */,
				36ADC7691E1BB44C0098B59D /* ViewController.h */,
				36ADC76A1E1BB44C0098B59D /* ViewController.m */,
				36FE0B1E1E4C60A2002A4379 /* TestCellModels */,
				362FD0741E7290CC003F71C8 /* TestResources */,
				36ADC76C1E1BB44C0098B59D /* Main.storyboard */,
				36ADC76F1E1BB44C0098B59D /* Assets.xcassets */,
				36ADC7711E1BB44C0098B59D /* LaunchScreen.storyboard */,
				36ADC7741E1BB44C0098B59D /* Info.plist */,
				36ADC7631E1BB44C0098B59D /* Supporting Files */,
			);
			path = CCKitDemo;
			sourceTree = "<group>";
		};
		36ADC7631E1BB44C0098B59D /* Supporting Files */ = {
			isa = PBXGroup;
			children = (
				36ADC7641E1BB44C0098B59D /* main.m */,
			);
			name = "Supporting Files";
			sourceTree = "<group>";
		};
		36FE0B1E1E4C60A2002A4379 /* TestCellModels */ = {
			isa = PBXGroup;
			children = (
				36FE0B221E4C6126002A4379 /* CCTableViewTestCellModel.h */,
				36FE0B231E4C6126002A4379 /* CCTableViewTestCellModel.m */,
				36B3CF621E5402AD00910072 /* CCTableViewTestCacheCellModel.h */,
				36B3CF631E5402AD00910072 /* CCTableViewTestCacheCellModel.m */,
				36B3CF531E52B28A00910072 /* CCTableViewTestAdditionCellModel.h */,
				36B3CF541E52B28A00910072 /* CCTableViewTestAdditionCellModel.m */,
				36FE0B2D1E4D8DCC002A4379 /* CCTableViewTestKeychainCellModel.h */,
				36FE0B2E1E4D8DCC002A4379 /* CCTableViewTestKeychainCellModel.m */,
				36FE0B1F1E4C60D4002A4379 /* CCTableViewTestNetworkingCellModel.h */,
				36FE0B201E4C60D4002A4379 /* CCTableViewTestNetworkingCellModel.m */,
				361B917B1E700BCB0079274E /* CCTableViewTestWebviewCellModel.h */,
				361B917C1E700BCB0079274E /* CCTableViewTestWebviewCellModel.m */,
				361B917F1E7159560079274E /* CCTableViewTestCordovaCellModel.h */,
				361B91801E7159560079274E /* CCTableViewTestCordovaCellModel.m */,
				361B91821E715C630079274E /* CCTableViewTestCordovaCellModel.xml */,
			);
			path = TestCellModels;
			sourceTree = "<group>";
		};
		4BD06F69A5F5F461B83C444D /* Frameworks */ = {
			isa = PBXGroup;
			children = (
				36B3CF6C1E55597000910072 /* libsqlite3.tbd */,
				FE749053F07A522193DF8164 /* libPods-CCKit.a */,
				9AFD84A34018EED3E3A3FFBC /* libPods-CCKitDemo.a */,
				AA13267F3377EA73EE87F4F8 /* libPods-CCKitTests.a */,
			);
			name = Frameworks;
			sourceTree = "<group>";
		};
		B0EC7F15302C50B1461B75D8 /* Pods */ = {
			isa = PBXGroup;
			children = (
				2F860BA6C6613352B7DAB262 /* Pods-CCKit.debug.xcconfig */,
				F219A63D85C197A967172DC2 /* Pods-CCKit.release.xcconfig */,
				8337C7F28FB455C5F439C836 /* Pods-CCKitDemo.debug.xcconfig */,
				C11789D5366857FB80F92579 /* Pods-CCKitDemo.release.xcconfig */,
				3A6E24BBC76DBB778465092F /* Pods-CCKitTests.debug.xcconfig */,
				CE9EBE489249AFE738C42CCA /* Pods-CCKitTests.release.xcconfig */,
			);
			name = Pods;
			sourceTree = "<group>";
		};
/* End PBXGroup section */

/* Begin PBXHeadersBuildPhase section */
		36ADC7401E1BB2FD0098B59D /* Headers */ = {
			isa = PBXHeadersBuildPhase;
			buildActionMask = 2147483647;
			files = (
				3617D33A1E7BBB1B0050936F /* CCWebViewEngine.h in Headers */,
				36B3CF581E52E2EF00910072 /* UIControl+CCAddition.h in Headers */,
				3662D84F1E20749400F0CF2C /* NSString+CCAddition.h in Headers */,
				362FD07A1E76463F003F71C8 /* CCCordovaViewController.h in Headers */,
				36B3CF511E529E5D00910072 /* CCNetworkInfo.h in Headers */,
				36FE0B271E4C7424002A4379 /* CCCipher.h in Headers */,
				3611A0161E2E1ED3004D2BFC /* CCTableViewDataSource.h in Headers */,
				36DEE3371E1CF8170087C209 /* NSObject+CCAddition.h in Headers */,
				36B3CF601E53FD2C00910072 /* CCFileCache.h in Headers */,
				36DEE3271E1C9ED50087C209 /* UIColor+CCAddition.h in Headers */,
				36DEE32B1E1CC3A40087C209 /* UIImage+CCAddition.h in Headers */,
				36B3CF6A1E5445C300910072 /* CCKVStore.h in Headers */,
				36FE0B141E4B182B002A4379 /* NSObject+CCModel.h in Headers */,
				3611A01A1E30627E004D2BFC /* CCWebViewController.h in Headers */,
				3608D7741E79318B00696EFF /* CCURLProtocol.h in Headers */,
				36DEE32F1E1CC66F0087C209 /* UIScreen+CCAddition.h in Headers */,
				36FE0B2B1E4D6551002A4379 /* CCKeychain.h in Headers */,
				3611A00E1E2E1DFF004D2BFC /* CCViewController.h in Headers */,
				36119EA71E1F6DE8004D2BFC /* NSURL+CCAddition.h in Headers */,
				36DEE3331E1CF7D90087C209 /* UIAlertView+CCAddition.h in Headers */,
				36B3CF5C1E52FFF400910072 /* CCRouter.h in Headers */,
				36B3CF711E56A9FA00910072 /* CCMemCache.h in Headers */,
				36FE0B101E4B0C85002A4379 /* CCNetworking.h in Headers */,
				36ADC7541E1BB2FD0098B59D /* CCKit.h in Headers */,
				3611A0121E2E1E1C004D2BFC /* CCTableViewController.h in Headers */,
				3662D8561E2088F000F0CF2C /* UIDevice+CCAddition.h in Headers */,
			);
			runOnlyForDeploymentPostprocessing = 0;
		};
/* End PBXHeadersBuildPhase section */

/* Begin PBXNativeTarget section */
		36ADC7421E1BB2FD0098B59D /* CCKit */ = {
			isa = PBXNativeTarget;
			buildConfigurationList = 36ADC7571E1BB2FD0098B59D /* Build configuration list for PBXNativeTarget "CCKit" */;
			buildPhases = (
				C83586ED33C0647E6BF6C9AB /* [CP] Check Pods Manifest.lock */,
				36ADC73E1E1BB2FD0098B59D /* Sources */,
				36ADC73F1E1BB2FD0098B59D /* Frameworks */,
				36ADC7401E1BB2FD0098B59D /* Headers */,
				36ADC7411E1BB2FD0098B59D /* Resources */,
				704EDE04CBCBCA72793BF988 /* [CP] Copy Pods Resources */,
			);
			buildRules = (
			);
			dependencies = (
			);
			name = CCKit;
			productName = CCKit;
			productReference = 36ADC7431E1BB2FD0098B59D /* CCKit.framework */;
			productType = "com.apple.product-type.framework";
		};
		36ADC74B1E1BB2FD0098B59D /* CCKitTests */ = {
			isa = PBXNativeTarget;
			buildConfigurationList = 36ADC75A1E1BB2FD0098B59D /* Build configuration list for PBXNativeTarget "CCKitTests" */;
			buildPhases = (
				F16D649DF815D3BDA225A238 /* [CP] Check Pods Manifest.lock */,
				36ADC7481E1BB2FD0098B59D /* Sources */,
				36ADC7491E1BB2FD0098B59D /* Frameworks */,
				36ADC74A1E1BB2FD0098B59D /* Resources */,
				E6A459C1F1E5DF1A7B5D0E25 /* [CP] Embed Pods Frameworks */,
				6864DA9A95A370D87D0662A9 /* [CP] Copy Pods Resources */,
			);
			buildRules = (
			);
			dependencies = (
				36ADC74F1E1BB2FD0098B59D /* PBXTargetDependency */,
			);
			name = CCKitTests;
			productName = CCKitTests;
			productReference = 36ADC74C1E1BB2FD0098B59D /* CCKitTests.xctest */;
			productType = "com.apple.product-type.bundle.unit-test";
		};
		36ADC7601E1BB44C0098B59D /* CCKitDemo */ = {
			isa = PBXNativeTarget;
			buildConfigurationList = 36ADC7771E1BB44C0098B59D /* Build configuration list for PBXNativeTarget "CCKitDemo" */;
			buildPhases = (
				84E4EEB8AC3E9A30C34F9C3D /* [CP] Check Pods Manifest.lock */,
				36ADC75D1E1BB44C0098B59D /* Sources */,
				36ADC75E1E1BB44C0098B59D /* Frameworks */,
				36ADC75F1E1BB44C0098B59D /* Resources */,
				17DFB5618C69899609105A7D /* [CP] Embed Pods Frameworks */,
				3CF8A4FA797AA3581D61C8F2 /* [CP] Copy Pods Resources */,
				36B3CF4A1E51AA2E00910072 /* Embed Frameworks */,
			);
			buildRules = (
			);
			dependencies = (
				3662D8521E2086EB00F0CF2C /* PBXTargetDependency */,
			);
			name = CCKitDemo;
			productName = CCKitDemo;
			productReference = 36ADC7611E1BB44C0098B59D /* CCKitDemo.app */;
			productType = "com.apple.product-type.application";
		};
/* End PBXNativeTarget section */

/* Begin PBXProject section */
		36ADC73A1E1BB2FD0098B59D /* Project object */ = {
			isa = PBXProject;
			attributes = {
				LastUpgradeCheck = 0820;
				ORGANIZATIONNAME = womob.com;
				TargetAttributes = {
					36ADC7421E1BB2FD0098B59D = {
						CreatedOnToolsVersion = 8.0;
						ProvisioningStyle = Automatic;
					};
					36ADC74B1E1BB2FD0098B59D = {
						CreatedOnToolsVersion = 8.0;
						ProvisioningStyle = Automatic;
					};
					36ADC7601E1BB44C0098B59D = {
						CreatedOnToolsVersion = 8.0;
						ProvisioningStyle = Automatic;
					};
				};
			};
			buildConfigurationList = 36ADC73D1E1BB2FD0098B59D /* Build configuration list for PBXProject "CCKit" */;
			compatibilityVersion = "Xcode 3.2";
			developmentRegion = English;
			hasScannedForEncodings = 0;
			knownRegions = (
				en,
				Base,
			);
			mainGroup = 36ADC7391E1BB2FD0098B59D;
			productRefGroup = 36ADC7441E1BB2FD0098B59D /* Products */;
			projectDirPath = "";
			projectRoot = "";
			targets = (
				36ADC7421E1BB2FD0098B59D /* CCKit */,
				36ADC74B1E1BB2FD0098B59D /* CCKitTests */,
				36ADC7601E1BB44C0098B59D /* CCKitDemo */,
			);
		};
/* End PBXProject section */

/* Begin PBXResourcesBuildPhase section */
		36ADC7411E1BB2FD0098B59D /* Resources */ = {
			isa = PBXResourcesBuildPhase;
			buildActionMask = 2147483647;
			files = (
			);
			runOnlyForDeploymentPostprocessing = 0;
		};
		36ADC74A1E1BB2FD0098B59D /* Resources */ = {
			isa = PBXResourcesBuildPhase;
			buildActionMask = 2147483647;
			files = (
			);
			runOnlyForDeploymentPostprocessing = 0;
		};
		36ADC75F1E1BB44C0098B59D /* Resources */ = {
			isa = PBXResourcesBuildPhase;
			buildActionMask = 2147483647;
			files = (
				36ADC7731E1BB44C0098B59D /* LaunchScreen.storyboard in Resources */,
				36ADC7701E1BB44C0098B59D /* Assets.xcassets in Resources */,
				361B91831E715C630079274E /* CCTableViewTestCordovaCellModel.xml in Resources */,
				362FD0761E729107003F71C8 /* www in Resources */,
				36ADC76E1E1BB44C0098B59D /* Main.storyboard in Resources */,
			);
			runOnlyForDeploymentPostprocessing = 0;
		};
/* End PBXResourcesBuildPhase section */

/* Begin PBXShellScriptBuildPhase section */
		17DFB5618C69899609105A7D /* [CP] Embed Pods Frameworks */ = {
			isa = PBXShellScriptBuildPhase;
			buildActionMask = 2147483647;
			files = (
			);
			inputPaths = (
			);
			name = "[CP] Embed Pods Frameworks";
			outputPaths = (
			);
			runOnlyForDeploymentPostprocessing = 0;
			shellPath = /bin/sh;
			shellScript = "\"${SRCROOT}/Pods/Target Support Files/Pods-CCKitDemo/Pods-CCKitDemo-frameworks.sh\"\n";
			showEnvVarsInLog = 0;
		};
		3CF8A4FA797AA3581D61C8F2 /* [CP] Copy Pods Resources */ = {
			isa = PBXShellScriptBuildPhase;
			buildActionMask = 2147483647;
			files = (
			);
			inputPaths = (
			);
			name = "[CP] Copy Pods Resources";
			outputPaths = (
			);
			runOnlyForDeploymentPostprocessing = 0;
			shellPath = /bin/sh;
			shellScript = "\"${SRCROOT}/Pods/Target Support Files/Pods-CCKitDemo/Pods-CCKitDemo-resources.sh\"\n";
			showEnvVarsInLog = 0;
		};
		6864DA9A95A370D87D0662A9 /* [CP] Copy Pods Resources */ = {
			isa = PBXShellScriptBuildPhase;
			buildActionMask = 2147483647;
			files = (
			);
			inputPaths = (
			);
			name = "[CP] Copy Pods Resources";
			outputPaths = (
			);
			runOnlyForDeploymentPostprocessing = 0;
			shellPath = /bin/sh;
			shellScript = "\"${SRCROOT}/Pods/Target Support Files/Pods-CCKitTests/Pods-CCKitTests-resources.sh\"\n";
			showEnvVarsInLog = 0;
		};
		704EDE04CBCBCA72793BF988 /* [CP] Copy Pods Resources */ = {
			isa = PBXShellScriptBuildPhase;
			buildActionMask = 2147483647;
			files = (
			);
			inputPaths = (
			);
			name = "[CP] Copy Pods Resources";
			outputPaths = (
			);
			runOnlyForDeploymentPostprocessing = 0;
			shellPath = /bin/sh;
			shellScript = "\"${SRCROOT}/Pods/Target Support Files/Pods-CCKit/Pods-CCKit-resources.sh\"\n";
			showEnvVarsInLog = 0;
		};
		84E4EEB8AC3E9A30C34F9C3D /* [CP] Check Pods Manifest.lock */ = {
			isa = PBXShellScriptBuildPhase;
			buildActionMask = 2147483647;
			files = (
			);
			inputPaths = (
			);
			name = "[CP] Check Pods Manifest.lock";
			outputPaths = (
			);
			runOnlyForDeploymentPostprocessing = 0;
			shellPath = /bin/sh;
			shellScript = "diff \"${PODS_ROOT}/../Podfile.lock\" \"${PODS_ROOT}/Manifest.lock\" > /dev/null\nif [ $? != 0 ] ; then\n    # print error to STDERR\n    echo \"error: The sandbox is not in sync with the Podfile.lock. Run 'pod install' or update your CocoaPods installation.\" >&2\n    exit 1\nfi\n";
			showEnvVarsInLog = 0;
		};
		C83586ED33C0647E6BF6C9AB /* [CP] Check Pods Manifest.lock */ = {
			isa = PBXShellScriptBuildPhase;
			buildActionMask = 2147483647;
			files = (
			);
			inputPaths = (
			);
			name = "[CP] Check Pods Manifest.lock";
			outputPaths = (
			);
			runOnlyForDeploymentPostprocessing = 0;
			shellPath = /bin/sh;
			shellScript = "diff \"${PODS_ROOT}/../Podfile.lock\" \"${PODS_ROOT}/Manifest.lock\" > /dev/null\nif [ $? != 0 ] ; then\n    # print error to STDERR\n    echo \"error: The sandbox is not in sync with the Podfile.lock. Run 'pod install' or update your CocoaPods installation.\" >&2\n    exit 1\nfi\n";
			showEnvVarsInLog = 0;
		};
		E6A459C1F1E5DF1A7B5D0E25 /* [CP] Embed Pods Frameworks */ = {
			isa = PBXShellScriptBuildPhase;
			buildActionMask = 2147483647;
			files = (
			);
			inputPaths = (
			);
			name = "[CP] Embed Pods Frameworks";
			outputPaths = (
			);
			runOnlyForDeploymentPostprocessing = 0;
			shellPath = /bin/sh;
			shellScript = "\"${SRCROOT}/Pods/Target Support Files/Pods-CCKitTests/Pods-CCKitTests-frameworks.sh\"\n";
			showEnvVarsInLog = 0;
		};
		F16D649DF815D3BDA225A238 /* [CP] Check Pods Manifest.lock */ = {
			isa = PBXShellScriptBuildPhase;
			buildActionMask = 2147483647;
			files = (
			);
			inputPaths = (
			);
			name = "[CP] Check Pods Manifest.lock";
			outputPaths = (
			);
			runOnlyForDeploymentPostprocessing = 0;
			shellPath = /bin/sh;
			shellScript = "diff \"${PODS_ROOT}/../Podfile.lock\" \"${PODS_ROOT}/Manifest.lock\" > /dev/null\nif [ $? != 0 ] ; then\n    # print error to STDERR\n    echo \"error: The sandbox is not in sync with the Podfile.lock. Run 'pod install' or update your CocoaPods installation.\" >&2\n    exit 1\nfi\n";
			showEnvVarsInLog = 0;
		};
/* End PBXShellScriptBuildPhase section */

/* Begin PBXSourcesBuildPhase section */
		36ADC73E1E1BB2FD0098B59D /* Sources */ = {
			isa = PBXSourcesBuildPhase;
			buildActionMask = 2147483647;
			files = (
				3662D8501E20749400F0CF2C /* NSString+CCAddition.m in Sources */,
				36FE0B281E4C7424002A4379 /* CCCipher.m in Sources */,
				36DEE3381E1CF8170087C209 /* NSObject+CCAddition.m in Sources */,
				3611A00F1E2E1DFF004D2BFC /* CCViewController.m in Sources */,
				36FE0B111E4B0C85002A4379 /* CCNetworking.m in Sources */,
				3611A0131E2E1E1C004D2BFC /* CCTableViewController.m in Sources */,
				36B3CF611E53FD2C00910072 /* CCFileCache.m in Sources */,
				36FE0B151E4B182B002A4379 /* NSObject+CCModel.m in Sources */,
				36B3CF591E52E2EF00910072 /* UIControl+CCAddition.m in Sources */,
				3611A0171E2E1ED3004D2BFC /* CCTableViewDataSource.m in Sources */,
				36DEE3281E1C9ED50087C209 /* UIColor+CCAddition.m in Sources */,
				36B3CF5D1E52FFF400910072 /* CCRouter.m in Sources */,
				36B3CF721E56A9FA00910072 /* CCMemCache.m in Sources */,
				3608D7751E79318B00696EFF /* CCURLProtocol.m in Sources */,
				36FE0B2C1E4D6551002A4379 /* CCKeychain.m in Sources */,
				3662D8571E2088F000F0CF2C /* UIDevice+CCAddition.m in Sources */,
				3611A01B1E30627E004D2BFC /* CCWebViewController.m in Sources */,
				36DEE3341E1CF7D90087C209 /* UIAlertView+CCAddition.m in Sources */,
				362FD07B1E76463F003F71C8 /* CCCordovaViewController.m in Sources */,
				3617D33B1E7BBB1B0050936F /* CCWebViewEngine.m in Sources */,
				36B3CF6B1E5445C300910072 /* CCKVStore.m in Sources */,
				36DEE3301E1CC66F0087C209 /* UIScreen+CCAddition.m in Sources */,
				36119EA81E1F6DE8004D2BFC /* NSURL+CCAddition.m in Sources */,
				36DEE32C1E1CC3A40087C209 /* UIImage+CCAddition.m in Sources */,
				36B3CF521E529E5D00910072 /* CCNetworkInfo.m in Sources */,
			);
			runOnlyForDeploymentPostprocessing = 0;
		};
		36ADC7481E1BB2FD0098B59D /* Sources */ = {
			isa = PBXSourcesBuildPhase;
			buildActionMask = 2147483647;
			files = (
				36ADC7521E1BB2FD0098B59D /* CCKitTests.m in Sources */,
			);
			runOnlyForDeploymentPostprocessing = 0;
		};
		36ADC75D1E1BB44C0098B59D /* Sources */ = {
			isa = PBXSourcesBuildPhase;
			buildActionMask = 2147483647;
			files = (
				36B3CF641E5402AD00910072 /* CCTableViewTestCacheCellModel.m in Sources */,
				36FE0B241E4C6126002A4379 /* CCTableViewTestCellModel.m in Sources */,
				36B3CF551E52B28A00910072 /* CCTableViewTestAdditionCellModel.m in Sources */,
				36ADC76B1E1BB44C0098B59D /* ViewController.m in Sources */,
				36FE0B211E4C60D4002A4379 /* CCTableViewTestNetworkingCellModel.m in Sources */,
				36FE0B2F1E4D8DCC002A4379 /* CCTableViewTestKeychainCellModel.m in Sources */,
				36ADC7681E1BB44C0098B59D /* AppDelegate.m in Sources */,
				36ADC7651E1BB44C0098B59D /* main.m in Sources */,
				361B91811E7159560079274E /* CCTableViewTestCordovaCellModel.m in Sources */,
				361B917D1E700BCB0079274E /* CCTableViewTestWebviewCellModel.m in Sources */,
			);
			runOnlyForDeploymentPostprocessing = 0;
		};
/* End PBXSourcesBuildPhase section */

/* Begin PBXTargetDependency section */
		3662D8521E2086EB00F0CF2C /* PBXTargetDependency */ = {
			isa = PBXTargetDependency;
			target = 36ADC7421E1BB2FD0098B59D /* CCKit */;
			targetProxy = 3662D8511E2086EB00F0CF2C /* PBXContainerItemProxy */;
		};
		36ADC74F1E1BB2FD0098B59D /* PBXTargetDependency */ = {
			isa = PBXTargetDependency;
			target = 36ADC7421E1BB2FD0098B59D /* CCKit */;
			targetProxy = 36ADC74E1E1BB2FD0098B59D /* PBXContainerItemProxy */;
		};
/* End PBXTargetDependency section */

/* Begin PBXVariantGroup section */
		36ADC76C1E1BB44C0098B59D /* Main.storyboard */ = {
			isa = PBXVariantGroup;
			children = (
				36ADC76D1E1BB44C0098B59D /* Base */,
			);
			name = Main.storyboard;
			sourceTree = "<group>";
		};
		36ADC7711E1BB44C0098B59D /* LaunchScreen.storyboard */ = {
			isa = PBXVariantGroup;
			children = (
				36ADC7721E1BB44C0098B59D /* Base */,
			);
			name = LaunchScreen.storyboard;
			sourceTree = "<group>";
		};
/* End PBXVariantGroup section */

/* Begin XCBuildConfiguration section */
		36ADC7551E1BB2FD0098B59D /* Debug */ = {
			isa = XCBuildConfiguration;
			buildSettings = {
				ALWAYS_SEARCH_USER_PATHS = NO;
				CLANG_ANALYZER_NONNULL = YES;
				CLANG_CXX_LANGUAGE_STANDARD = "gnu++0x";
				CLANG_CXX_LIBRARY = "libc++";
				CLANG_ENABLE_MODULES = YES;
				CLANG_ENABLE_OBJC_ARC = YES;
				CLANG_WARN_BOOL_CONVERSION = YES;
				CLANG_WARN_CONSTANT_CONVERSION = YES;
				CLANG_WARN_DIRECT_OBJC_ISA_USAGE = YES_ERROR;
				CLANG_WARN_DOCUMENTATION_COMMENTS = YES;
				CLANG_WARN_EMPTY_BODY = YES;
				CLANG_WARN_ENUM_CONVERSION = YES;
				CLANG_WARN_INFINITE_RECURSION = YES;
				CLANG_WARN_INT_CONVERSION = YES;
				CLANG_WARN_OBJC_ROOT_CLASS = YES_ERROR;
				CLANG_WARN_SUSPICIOUS_MOVE = YES;
				CLANG_WARN_SUSPICIOUS_MOVES = YES;
				CLANG_WARN_UNREACHABLE_CODE = YES;
				CLANG_WARN__DUPLICATE_METHOD_MATCH = YES;
				"CODE_SIGN_IDENTITY[sdk=iphoneos*]" = "iPhone Developer";
				COPY_PHASE_STRIP = NO;
				CURRENT_PROJECT_VERSION = 1;
				DEBUG_INFORMATION_FORMAT = dwarf;
				ENABLE_STRICT_OBJC_MSGSEND = YES;
				ENABLE_TESTABILITY = YES;
				GCC_C_LANGUAGE_STANDARD = gnu99;
				GCC_DYNAMIC_NO_PIC = NO;
				GCC_NO_COMMON_BLOCKS = YES;
				GCC_OPTIMIZATION_LEVEL = 0;
				GCC_PREPROCESSOR_DEFINITIONS = (
					"DEBUG=1",
					"$(inherited)",
				);
				GCC_WARN_64_TO_32_BIT_CONVERSION = YES;
				GCC_WARN_ABOUT_RETURN_TYPE = YES_ERROR;
				GCC_WARN_UNDECLARED_SELECTOR = YES;
				GCC_WARN_UNINITIALIZED_AUTOS = YES_AGGRESSIVE;
				GCC_WARN_UNUSED_FUNCTION = YES;
				GCC_WARN_UNUSED_VARIABLE = YES;
				IPHONEOS_DEPLOYMENT_TARGET = 8.0;
				MTL_ENABLE_DEBUG_INFO = YES;
				ONLY_ACTIVE_ARCH = YES;
				SDKROOT = iphoneos;
				TARGETED_DEVICE_FAMILY = "1,2";
				VERSIONING_SYSTEM = "apple-generic";
				VERSION_INFO_PREFIX = "";
			};
			name = Debug;
		};
		36ADC7561E1BB2FD0098B59D /* Release */ = {
			isa = XCBuildConfiguration;
			buildSettings = {
				ALWAYS_SEARCH_USER_PATHS = NO;
				CLANG_ANALYZER_NONNULL = YES;
				CLANG_CXX_LANGUAGE_STANDARD = "gnu++0x";
				CLANG_CXX_LIBRARY = "libc++";
				CLANG_ENABLE_MODULES = YES;
				CLANG_ENABLE_OBJC_ARC = YES;
				CLANG_WARN_BOOL_CONVERSION = YES;
				CLANG_WARN_CONSTANT_CONVERSION = YES;
				CLANG_WARN_DIRECT_OBJC_ISA_USAGE = YES_ERROR;
				CLANG_WARN_DOCUMENTATION_COMMENTS = YES;
				CLANG_WARN_EMPTY_BODY = YES;
				CLANG_WARN_ENUM_CONVERSION = YES;
				CLANG_WARN_INFINITE_RECURSION = YES;
				CLANG_WARN_INT_CONVERSION = YES;
				CLANG_WARN_OBJC_ROOT_CLASS = YES_ERROR;
				CLANG_WARN_SUSPICIOUS_MOVE = YES;
				CLANG_WARN_SUSPICIOUS_MOVES = YES;
				CLANG_WARN_UNREACHABLE_CODE = YES;
				CLANG_WARN__DUPLICATE_METHOD_MATCH = YES;
				"CODE_SIGN_IDENTITY[sdk=iphoneos*]" = "iPhone Developer";
				COPY_PHASE_STRIP = NO;
				CURRENT_PROJECT_VERSION = 1;
				DEBUG_INFORMATION_FORMAT = "dwarf-with-dsym";
				ENABLE_NS_ASSERTIONS = NO;
				ENABLE_STRICT_OBJC_MSGSEND = YES;
				GCC_C_LANGUAGE_STANDARD = gnu99;
				GCC_NO_COMMON_BLOCKS = YES;
				GCC_WARN_64_TO_32_BIT_CONVERSION = YES;
				GCC_WARN_ABOUT_RETURN_TYPE = YES_ERROR;
				GCC_WARN_UNDECLARED_SELECTOR = YES;
				GCC_WARN_UNINITIALIZED_AUTOS = YES_AGGRESSIVE;
				GCC_WARN_UNUSED_FUNCTION = YES;
				GCC_WARN_UNUSED_VARIABLE = YES;
				IPHONEOS_DEPLOYMENT_TARGET = 8.0;
				MTL_ENABLE_DEBUG_INFO = NO;
				SDKROOT = iphoneos;
				TARGETED_DEVICE_FAMILY = "1,2";
				VALIDATE_PRODUCT = YES;
				VERSIONING_SYSTEM = "apple-generic";
				VERSION_INFO_PREFIX = "";
			};
			name = Release;
		};
		36ADC7581E1BB2FD0098B59D /* Debug */ = {
			isa = XCBuildConfiguration;
			baseConfigurationReference = 2F860BA6C6613352B7DAB262 /* Pods-CCKit.debug.xcconfig */;
			buildSettings = {
				CODE_SIGN_IDENTITY = "";
				DEFINES_MODULE = YES;
				DEVELOPMENT_TEAM = "";
				DYLIB_COMPATIBILITY_VERSION = 1;
				DYLIB_CURRENT_VERSION = 1;
				DYLIB_INSTALL_NAME_BASE = "@rpath";
				INFOPLIST_FILE = CCKit/Info.plist;
				INSTALL_PATH = "$(LOCAL_LIBRARY_DIR)/Frameworks";
				IPHONEOS_DEPLOYMENT_TARGET = 8.0;
				LD_RUNPATH_SEARCH_PATHS = "$(inherited) @executable_path/Frameworks @loader_path/Frameworks";
				PRODUCT_BUNDLE_IDENTIFIER = com.womob.CCKit;
				PRODUCT_NAME = "$(TARGET_NAME)";
				SKIP_INSTALL = YES;
			};
			name = Debug;
		};
		36ADC7591E1BB2FD0098B59D /* Release */ = {
			isa = XCBuildConfiguration;
			baseConfigurationReference = F219A63D85C197A967172DC2 /* Pods-CCKit.release.xcconfig */;
			buildSettings = {
				CODE_SIGN_IDENTITY = "";
				DEFINES_MODULE = YES;
				DEVELOPMENT_TEAM = "";
				DYLIB_COMPATIBILITY_VERSION = 1;
				DYLIB_CURRENT_VERSION = 1;
				DYLIB_INSTALL_NAME_BASE = "@rpath";
				INFOPLIST_FILE = CCKit/Info.plist;
				INSTALL_PATH = "$(LOCAL_LIBRARY_DIR)/Frameworks";
				IPHONEOS_DEPLOYMENT_TARGET = 8.0;
				LD_RUNPATH_SEARCH_PATHS = "$(inherited) @executable_path/Frameworks @loader_path/Frameworks";
				PRODUCT_BUNDLE_IDENTIFIER = com.womob.CCKit;
				PRODUCT_NAME = "$(TARGET_NAME)";
				SKIP_INSTALL = YES;
			};
			name = Release;
		};
		36ADC75B1E1BB2FD0098B59D /* Debug */ = {
			isa = XCBuildConfiguration;
			baseConfigurationReference = 3A6E24BBC76DBB778465092F /* Pods-CCKitTests.debug.xcconfig */;
			buildSettings = {
				DEVELOPMENT_TEAM = "";
				INFOPLIST_FILE = CCKitTests/Info.plist;
				LD_RUNPATH_SEARCH_PATHS = "$(inherited) @executable_path/Frameworks @loader_path/Frameworks";
				PRODUCT_BUNDLE_IDENTIFIER = com.womob.CCKitTests;
				PRODUCT_NAME = "$(TARGET_NAME)";
			};
			name = Debug;
		};
		36ADC75C1E1BB2FD0098B59D /* Release */ = {
			isa = XCBuildConfiguration;
			baseConfigurationReference = CE9EBE489249AFE738C42CCA /* Pods-CCKitTests.release.xcconfig */;
			buildSettings = {
				DEVELOPMENT_TEAM = "";
				INFOPLIST_FILE = CCKitTests/Info.plist;
				LD_RUNPATH_SEARCH_PATHS = "$(inherited) @executable_path/Frameworks @loader_path/Frameworks";
				PRODUCT_BUNDLE_IDENTIFIER = com.womob.CCKitTests;
				PRODUCT_NAME = "$(TARGET_NAME)";
			};
			name = Release;
		};
		36ADC7751E1BB44C0098B59D /* Debug */ = {
			isa = XCBuildConfiguration;
			baseConfigurationReference = 8337C7F28FB455C5F439C836 /* Pods-CCKitDemo.debug.xcconfig */;
			buildSettings = {
				ASSETCATALOG_COMPILER_APPICON_NAME = AppIcon;
				DEVELOPMENT_TEAM = "";
				INFOPLIST_FILE = CCKitDemo/Info.plist;
				LD_RUNPATH_SEARCH_PATHS = "$(inherited) @executable_path/Frameworks";
				PRODUCT_BUNDLE_IDENTIFIER = com.womob.CCKitDemo;
				PRODUCT_NAME = "$(TARGET_NAME)";
			};
			name = Debug;
		};
		36ADC7761E1BB44C0098B59D /* Release */ = {
			isa = XCBuildConfiguration;
			baseConfigurationReference = C11789D5366857FB80F92579 /* Pods-CCKitDemo.release.xcconfig */;
			buildSettings = {
				ASSETCATALOG_COMPILER_APPICON_NAME = AppIcon;
				DEVELOPMENT_TEAM = "";
				INFOPLIST_FILE = CCKitDemo/Info.plist;
				LD_RUNPATH_SEARCH_PATHS = "$(inherited) @executable_path/Frameworks";
				PRODUCT_BUNDLE_IDENTIFIER = com.womob.CCKitDemo;
				PRODUCT_NAME = "$(TARGET_NAME)";
			};
			name = Release;
		};
/* End XCBuildConfiguration section */

/* Begin XCConfigurationList section */
		36ADC73D1E1BB2FD0098B59D /* Build configuration list for PBXProject "CCKit" */ = {
			isa = XCConfigurationList;
			buildConfigurations = (
				36ADC7551E1BB2FD0098B59D /* Debug */,
				36ADC7561E1BB2FD0098B59D /* Release */,
			);
			defaultConfigurationIsVisible = 0;
			defaultConfigurationName = Release;
		};
		36ADC7571E1BB2FD0098B59D /* Build configuration list for PBXNativeTarget "CCKit" */ = {
			isa = XCConfigurationList;
			buildConfigurations = (
				36ADC7581E1BB2FD0098B59D /* Debug */,
				36ADC7591E1BB2FD0098B59D /* Release */,
			);
			defaultConfigurationIsVisible = 0;
			defaultConfigurationName = Release;
		};
		36ADC75A1E1BB2FD0098B59D /* Build configuration list for PBXNativeTarget "CCKitTests" */ = {
			isa = XCConfigurationList;
			buildConfigurations = (
				36ADC75B1E1BB2FD0098B59D /* Debug */,
				36ADC75C1E1BB2FD0098B59D /* Release */,
			);
			defaultConfigurationIsVisible = 0;
			defaultConfigurationName = Release;
		};
		36ADC7771E1BB44C0098B59D /* Build configuration list for PBXNativeTarget "CCKitDemo" */ = {
			isa = XCConfigurationList;
			buildConfigurations = (
				36ADC7751E1BB44C0098B59D /* Debug */,
				36ADC7761E1BB44C0098B59D /* Release */,
			);
			defaultConfigurationIsVisible = 0;
			defaultConfigurationName = Release;
		};
/* End XCConfigurationList section */
	};
	rootObject = 36ADC73A1E1BB2FD0098B59D /* Project object */;
}
